
Microsoft Visual Studio Solution File, Format Version 12.00
# Visual Studio Version 17
VisualStudioVersion = 17.0.32112.339
MinimumVisualStudioVersion = 10.0.40219.1
Project("{FAE04EC0-301F-11D3-BF4B-00C04F79EFBC}") = "ConsolePendu", "ConsolePendu\ConsolePendu.csproj", "{20430EAB-2F60-49CD-9DA2-724B30187773}"
EndProject
Global
	GlobalSection(SolutionConfigurationPlatforms) = preSolution
		Debug|Any CPU = Debug|Any CPU
		Release|Any CPU = Release|Any CPU
	EndGlobalSection
	GlobalSection(ProjectConfigurationPlatforms) = postSolution
		{20430EAB-2F60-49CD-9DA2-724B30187773}.Debug|Any CPU.ActiveCfg = Debug|Any CPU
		{20430EAB-2F60-49CD-9DA2-724B30187773}.Debug|Any CPU.Build.0 = Debug|Any CPU
		{20430EAB-2F60-49CD-9DA2-724B30187773}.Release|Any CPU.ActiveCfg = Release|Any CPU
		{20430EAB-2F60-49CD-9DA2-724B30187773}.Release|Any CPU.Build.0 = Release|Any CPU
	EndGlobalSection
	GlobalSection(SolutionProperties) = preSolution
		HideSolutionNode = FALSE
	EndGlobalSection
	GlobalSection(ExtensibilityGlobals) = postSolution
		SolutionGuid = {82A67305-B167-4145-98F2-6F15AA6AE6F9}
	EndGlobalSection
EndGlobal
